
Microsoft Visual Studio Solution File, Format Version 12.00
# Visual Studio Version 17
VisualStudioVersion = 17.9.34902.65
MinimumVisualStudioVersion = 10.0.40219.1
Project("{FAE04EC0-301F-11D3-BF4B-00C04F79EFBC}") = "ConnectAirMachine1", "ConnectAirMachine1.csproj", "{A4D43F98-60B7-402F-9DAF-29ECBB845DEA}"
EndProject
Global
	GlobalSection(SolutionConfigurationPlatforms) = preSolution
		Debug|Any CPU = Debug|Any CPU
		Release|Any CPU = Release|Any CPU
	EndGlobalSection
	GlobalSection(ProjectConfigurationPlatforms) = postSolution
		{A4D43F98-60B7-402F-9DAF-29ECBB845DEA}.Debug|Any CPU.ActiveCfg = Debug|Any CPU
		{A4D43F98-60B7-402F-9DAF-29ECBB845DEA}.Debug|Any CPU.Build.0 = Debug|Any CPU
		{A4D43F98-60B7-402F-9DAF-29ECBB845DEA}.Release|Any CPU.ActiveCfg = Release|Any CPU
		{A4D43F98-60B7-402F-9DAF-29ECBB845DEA}.Release|Any CPU.Build.0 = Release|Any CPU
	EndGlobalSection
	GlobalSection(SolutionProperties) = preSolution
		HideSolutionNode = FALSE
	EndGlobalSection
	GlobalSection(ExtensibilityGlobals) = postSolution
		SolutionGuid = {A1BD163B-779E-4A8B-A35E-B2D3B5841354}
	EndGlobalSection
EndGlobal
